
Microsoft Visual Studio Solution File, Format Version 12.00
# Visual Studio 2013
VisualStudioVersion = 12.0.20617.1 PREVIEW
MinimumVisualStudioVersion = 10.0.40219.1
Project("{FAE04EC0-301F-11D3-BF4B-00C04F79EFBC}") = "1DV402.S2.L02B", "1DV402.S2.L02A\1DV402.S2.L02B.csproj", "{5ED466F2-27DD-4618-9CD2-8F9C8D566CAA}"
EndProject
Global
	GlobalSection(SolutionConfigurationPlatforms) = preSolution
		Debug|Any CPU = Debug|Any CPU
		Release|Any CPU = Release|Any CPU
	EndGlobalSection
	GlobalSection(ProjectConfigurationPlatforms) = postSolution
		{5ED466F2-27DD-4618-9CD2-8F9C8D566CAA}.Debug|Any CPU.ActiveCfg = Debug|Any CPU
		{5ED466F2-27DD-4618-9CD2-8F9C8D566CAA}.Debug|Any CPU.Build.0 = Debug|Any CPU
		{5ED466F2-27DD-4618-9CD2-8F9C8D566CAA}.Release|Any CPU.ActiveCfg = Release|Any CPU
		{5ED466F2-27DD-4618-9CD2-8F9C8D566CAA}.Release|Any CPU.Build.0 = Release|Any CPU
	EndGlobalSection
	GlobalSection(SolutionProperties) = preSolution
		HideSolutionNode = FALSE
	EndGlobalSection
EndGlobal
