
Microsoft Visual Studio Solution File, Format Version 12.00
# Visual Studio 2013
VisualStudioVersion = 12.0.20617.1 PREVIEW
MinimumVisualStudioVersion = 10.0.40219.1
Project("{FAE04EC0-301F-11D3-BF4B-00C04F79EFBC}") = "laboration1_2", "laboration1-2-3\laboration1_2.csproj", "{BB2F74C6-710B-4001-A92E-C841D0955690}"
EndProject
Global
	GlobalSection(SolutionConfigurationPlatforms) = preSolution
		Debug|Any CPU = Debug|Any CPU
		Release|Any CPU = Release|Any CPU
	EndGlobalSection
	GlobalSection(ProjectConfigurationPlatforms) = postSolution
		{BB2F74C6-710B-4001-A92E-C841D0955690}.Debug|Any CPU.ActiveCfg = Debug|Any CPU
		{BB2F74C6-710B-4001-A92E-C841D0955690}.Debug|Any CPU.Build.0 = Debug|Any CPU
		{BB2F74C6-710B-4001-A92E-C841D0955690}.Release|Any CPU.ActiveCfg = Release|Any CPU
		{BB2F74C6-710B-4001-A92E-C841D0955690}.Release|Any CPU.Build.0 = Release|Any CPU
	EndGlobalSection
	GlobalSection(SolutionProperties) = preSolution
		HideSolutionNode = FALSE
	EndGlobalSection
EndGlobal
